
Microsoft Visual Studio Solution File, Format Version 12.00
# Visual Studio Version 17
VisualStudioVersion = 17.0.31912.275
MinimumVisualStudioVersion = 10.0.40219.1
Project("{9A19103F-16F7-4668-BE54-9A1E7A4F7556}") = "Snehix.GCP..API", "WebApplication1\Snehix.GCP..API.csproj", "{A754DD9C-A76A-4C93-B4B1-CA5962DCB3B7}"
EndProject
Global
	GlobalSection(SolutionConfigurationPlatforms) = preSolution
		Debug|Any CPU = Debug|Any CPU
		Release|Any CPU = Release|Any CPU
	EndGlobalSection
	GlobalSection(ProjectConfigurationPlatforms) = postSolution
		{A754DD9C-A76A-4C93-B4B1-CA5962DCB3B7}.Debug|Any CPU.ActiveCfg = Debug|Any CPU
		{A754DD9C-A76A-4C93-B4B1-CA5962DCB3B7}.Debug|Any CPU.Build.0 = Debug|Any CPU
		{A754DD9C-A76A-4C93-B4B1-CA5962DCB3B7}.Release|Any CPU.ActiveCfg = Release|Any CPU
		{A754DD9C-A76A-4C93-B4B1-CA5962DCB3B7}.Release|Any CPU.Build.0 = Release|Any CPU
	EndGlobalSection
	GlobalSection(SolutionProperties) = preSolution
		HideSolutionNode = FALSE
	EndGlobalSection
	GlobalSection(ExtensibilityGlobals) = postSolution
		SolutionGuid = {DB6D4C0E-59ED-4C96-867A-5C64C3B387B9}
	EndGlobalSection
EndGlobal
